PODS:
  - GoogleMaps (8.0.0):
    - GoogleMaps/Maps (= 8.0.0)
  - GoogleMaps/Base (8.0.0)
  - GoogleMaps/Maps (8.0.0):
    - GoogleMaps/Base
  - SDWebImage (5.18.2):
    - SDWebImage/Core (= 5.18.2)
  - SDWebImage/Core (5.18.2)
  - SDWebImageSwiftUI (2.2.3):
    - SDWebImage (~> 5.10)

DEPENDENCIES:
  - GoogleMaps (~> 8.0.0)
  - SDWebImageSwiftUI

SPEC REPOS:
  trunk:
    - GoogleMaps
    - SDWebImage
    - SDWebImageSwiftUI

SPEC CHECKSUMS:
  GoogleMaps: 0dce473ab18742d0f327887853630927cbee9127
  SDWebImage: c0de394d7cf7f9838aed1fd6bb6037654a4572e4
  SDWebImageSwiftUI: 17396b7889f9abc27231caaeb64c537564284aab

PODFILE CHECKSUM: cd41fe5624c980018590aa1cc19a8652c13d3e7c

COCOAPODS: 1.13.0
